#MicroXplorer Configuration settings - do not modify
Mcu.Family=STM32L4
PA11.GPIO_Speed=GPIO_SPEED_FREQ_VERY_HIGH
NVIC.USART3_IRQn=true\:2\:0\:true\:false\:true\:true\:true
ProjectManager.MainLocation=Core/Src
PA2.GPIO_PuPd=GPIO_NOPULL
RCC.USART1Freq_Value=16000000
TIM2.Channel-Output\ Compare1\ No\ Output=TIM_CHANNEL_1
RCC.SAI1Freq_Value=18285714.285714287
RCC.CortexFreq_Value=72000000
ProjectManager.KeepUserCode=true
Mcu.UserName=STM32L476RGTx
PB10.Mode=Asynchronous
PA10.GPIO_PuPd=GPIO_NOPULL
PC10.Locked=true
PC10.Signal=UART4_TX
PC12.Signal=UART5_TX
VP_IWDG_VS_IWDG.Mode=IWDG_Activate
RCC.PLLSAI1RoutputFreq_Value=64000000
PB2.GPIO_Speed=GPIO_SPEED_FREQ_VERY_HIGH
ProjectManager.functionlistsort=1-MX_GPIO_Init-GPIO-false-HAL-true,2-SystemClock_Config-RCC-false-HAL-false,3-MX_I2C1_Init-I2C1-false-HAL-true,4-MX_IWDG_Init-IWDG-false-HAL-true,5-MX_TIM2_Init-TIM2-false-HAL-true,6-MX_UART4_Init-UART4-false-HAL-true,7-MX_UART5_Init-UART5-false-HAL-true,8-MX_USART1_UART_Init-USART1-false-HAL-true,9-MX_USART3_UART_Init-USART3-false-HAL-true
PA9.GPIOParameters=GPIO_Speed,PinState,GPIO_PuPd,GPIO_Label,GPIO_ModeDefaultOutputPP
PA2.GPIO_Speed=GPIO_SPEED_FREQ_VERY_HIGH
PA11.GPIOParameters=GPIO_Speed,PinState,GPIO_PuPd,GPIO_Label,GPIO_ModeDefaultOutputPP
PA7.GPIO_ModeDefaultOutputPP=GPIO_MODE_OUTPUT_PP
PA6.GPIO_Label=LED4
PB0.GPIO_Label=SIM7600_PWRKEY
PB6.GPIO_Label=SIM7600_TX
RCC.USART2Freq_Value=36000000
PA11.GPIO_PuPd=GPIO_NOPULL
PD2.GPIOParameters=GPIO_Label
USART1.IPParameters=VirtualMode-Asynchronous
PB11.Signal=USART3_RX
PA5.PinState=GPIO_PIN_RESET
PA2.GPIOParameters=GPIO_Speed,PinState,GPIO_PuPd,GPIO_Label,GPIO_ModeDefaultOutputPP
PinOutPanel.RotationAngle=0
RCC.MCO1PinFreq_Value=72000000
RCC.SYSCLKSource=RCC_SYSCLKSOURCE_PLLCLK
ProjectManager.StackSize=0x400
USART3.VirtualMode-Asynchronous=VM_ASYNC
PA14\ (JTCK-SWCLK).Signal=SYS_JTCK-SWCLK
RCC.I2C3Freq_Value=36000000
RCC.LPTIM1Freq_Value=36000000
Mcu.IP4=SYS
RCC.FCLKCortexFreq_Value=72000000
Mcu.IP5=TIM2
I2C1.IPParameters=Timing
Mcu.IP2=NVIC
NVIC.SVCall_IRQn=true\:0\:0\:false\:false\:true\:false\:false
Mcu.IP3=RCC
Mcu.IP0=I2C1
Mcu.IP1=IWDG
USART3.BaudRate=600
Mcu.UserConstants=
RCC.VCOSAI1OutputFreq_Value=128000000
PA7.PinState=GPIO_PIN_RESET
PA10.PinState=GPIO_PIN_RESET
RCC.SDMMCFreq_Value=64000000
PB0.PinState=GPIO_PIN_RESET
Mcu.ThirdPartyNb=0
PB1.GPIO_PuPd=GPIO_NOPULL
UART4.BaudRate=9600
RCC.HCLKFreq_Value=72000000
Mcu.IPNb=10
TIM2.IPParameters=Channel-Output Compare1 No Output,Prescaler,Period,AutoReloadPreload
ProjectManager.PreviousToolchain=
RCC.APB2TimFreq_Value=72000000
PB6.Signal=USART1_TX
PB6.Mode=Asynchronous
PA8.GPIOParameters=GPIO_Speed,PinState,GPIO_PuPd,GPIO_Label,GPIO_ModeDefaultOutputPP
Mcu.Pin6=PB1
RCC.SAI2Freq_Value=18285714.285714287
Mcu.Pin7=PB2
Mcu.Pin8=PB10
Mcu.Pin9=PB11
RCC.AHBFreq_Value=72000000
Mcu.Pin0=PA2
Mcu.Pin1=PA4
GPIO.groupedBy=Group By Peripherals
Mcu.Pin2=PA5
Mcu.Pin3=PA6
RCC.USART3Freq_Value=16000000
Mcu.Pin4=PA7
Mcu.Pin5=PB0
ProjectManager.ProjectBuild=false
RCC.HSE_VALUE=8000000
NVIC.UsageFault_IRQn=true\:0\:0\:false\:false\:true\:false\:false
VP_TIM2_VS_no_output1.Mode=Output Compare1 No Output
NVIC.DebugMonitor_IRQn=true\:0\:0\:false\:false\:true\:false\:false
PA4.GPIO_PuPd=GPIO_NOPULL
PB2.Signal=GPIO_Output
PA8.Locked=true
PA4.Locked=true
NVIC.SysTick_IRQn=true\:0\:0\:false\:false\:true\:false\:true
PA4.GPIO_Speed=GPIO_SPEED_FREQ_VERY_HIGH
PA11.GPIO_ModeDefaultOutputPP=GPIO_MODE_OUTPUT_PP
ProjectManager.FirmwarePackage=STM32Cube FW_L4 V1.17.0
MxDb.Version=DB.6.0.20
PA2.PinState=GPIO_PIN_RESET
PB0.GPIOParameters=GPIO_Speed,PinState,GPIO_PuPd,GPIO_Label,GPIO_ModeDefaultOutputPP
PA6.GPIO_PuPd=GPIO_NOPULL
ProjectManager.BackupPrevious=false
RCC.VCOInputFreq_Value=16000000
PB1.GPIO_Speed=GPIO_SPEED_FREQ_VERY_HIGH
PA5.GPIO_PuPd=GPIO_NOPULL
PB1.GPIO_Label=SIM7600_FLIGHTMODE
PC11.GPIO_Label=LRWAN_RX
NVIC.TIM2_IRQn=true\:3\:0\:true\:false\:true\:true\:true
File.Version=6
PA10.GPIO_Label=OUT3
PB7.Signal=USART1_RX
PA8.Signal=GPIO_Output
PB8.Locked=true
PA8.GPIO_ModeDefaultOutputPP=GPIO_MODE_OUTPUT_PP
RCC.PLLRCLKFreq_Value=72000000
PB6.Locked=true
NVIC.PendSV_IRQn=true\:0\:0\:false\:false\:true\:false\:false
PB6.GPIOParameters=GPIO_Label
ProjectManager.HalAssertFull=false
PB2.GPIO_PuPd=GPIO_NOPULL
PB0.Locked=true
RCC.UART4CLockSelection=RCC_UART4CLKSOURCE_HSI
ProjectManager.ProjectName=main-master
PB1.PinState=GPIO_PIN_RESET
PB7.GPIO_Label=SIM7600_RX
Mcu.Package=LQFP64
PB9.Signal=I2C1_SDA
TIM2.Prescaler=7199
PB1.Signal=GPIO_Output
PA6.Signal=GPIO_Output
PA7.Locked=true
PA5.Locked=true
PA2.GPIO_ModeDefaultOutputPP=GPIO_MODE_OUTPUT_PP
ProjectManager.ToolChainLocation=
PA2.GPIO_Label=LED1
RCC.LSI_VALUE=32000
VP_SYS_VS_Systick.Signal=SYS_VS_Systick
IWDG.Reload=4000
RCC.LSCOPinFreq_Value=32000
USART3.IPParameters=VirtualMode-Asynchronous,BaudRate
PA10.Signal=GPIO_Output
RCC.DFSDMFreq_Value=72000000
PA5.GPIOParameters=GPIO_Speed,PinState,GPIO_PuPd,GPIO_Label,GPIO_ModeDefaultOutputPP
PC11.Mode=Asynchronous
PA4.GPIO_ModeDefaultOutputPP=GPIO_MODE_OUTPUT_PP
PA10.GPIO_Speed=GPIO_SPEED_FREQ_VERY_HIGH
PA6.GPIO_ModeDefaultOutputPP=GPIO_MODE_OUTPUT_PP
RCC.UART5CLockSelection=RCC_UART5CLKSOURCE_HSI
RCC.PLLPoutputFreq_Value=20571428.57142857
RCC.APB1TimFreq_Value=72000000
NVIC.BusFault_IRQn=true\:0\:0\:false\:false\:true\:false\:false
RCC.LPUART1Freq_Value=36000000
PB0.GPIO_ModeDefaultOutputPP=GPIO_MODE_OUTPUT_PP
PB10.GPIOParameters=GPIO_Label
PA6.GPIO_Speed=GPIO_SPEED_FREQ_VERY_HIGH
PA13\ (JTMS-SWDIO).Signal=SYS_JTMS-SWDIO
NVIC.USART1_IRQn=true\:0\:0\:false\:false\:true\:true\:true
PB2.GPIO_ModeDefaultOutputPP=GPIO_MODE_OUTPUT_PP
PA4.GPIO_Label=LED2
PA8.GPIO_Speed=GPIO_SPEED_FREQ_VERY_HIGH
ProjectManager.CustomerFirmwarePackage=
PA8.PinState=GPIO_PIN_RESET
NVIC.UART4_IRQn=true\:1\:0\:true\:false\:true\:true\:true
PA2.Locked=true
PA6.GPIOParameters=GPIO_Speed,PinState,GPIO_PuPd,GPIO_Label,GPIO_ModeDefaultOutputPP
RCC.MSI_VALUE=4000000
RCC.PLLSourceVirtual=RCC_PLLSOURCE_HSI
PA14\ (JTCK-SWCLK).Mode=Serial_Wire
RCC.PLLQoutputFreq_Value=72000000
ProjectManager.ProjectFileName=main-master.ioc
UART4.IPParameters=BaudRate
PC10.GPIO_Label=LRWAN_TX
Mcu.PinsNb=27
ProjectManager.NoMain=false
PC11.Locked=true
PC11.Signal=UART4_RX
PA9.GPIO_Label=OUT2
RCC.SWPMI1Freq_Value=36000000
RCC.I2C1CLockSelection=RCC_I2C1CLKSOURCE_HSI
PC10.Mode=Asynchronous
PB11.GPIO_Label=PWR_RX
PA11.GPIO_Label=OUT4
ProjectManager.DefaultFWLocation=true
PA6.PinState=GPIO_PIN_RESET
ProjectManager.DeletePrevious=true
RCC.APB1CLKDivider=RCC_HCLK_DIV2
PB10.Locked=true
RCC.VCOSAI2OutputFreq_Value=128000000
PC11.GPIOParameters=GPIO_Label
PA9.GPIO_PuPd=GPIO_NOPULL
RCC.FamilyName=M
PB0.GPIO_Speed=GPIO_SPEED_FREQ_VERY_HIGH
PC12.GPIOParameters=GPIO_Label
USART1.VirtualMode-Asynchronous=VM_ASYNC
PA11.Locked=true
PA8.GPIO_Label=OUT1
PA4.PinState=GPIO_PIN_RESET
PB11.Mode=Asynchronous
ProjectManager.TargetToolchain=STM32CubeIDE
PB10.GPIO_Label=PWR_TX
PA10.GPIO_ModeDefaultOutputPP=GPIO_MODE_OUTPUT_PP
PB7.GPIOParameters=GPIO_Label
PB9.Mode=I2C
PB2.GPIOParameters=GPIO_Speed,PinState,GPIO_PuPd,GPIO_Label,GPIO_ModeDefaultOutputPP
PA9.Signal=GPIO_Output
I2C1.Timing=0x00303D5B
PB11.GPIOParameters=GPIO_Label
PB9.Locked=true
PA9.PinState=GPIO_PIN_RESET
ProjectManager.RegisterCallBack=
RCC.USBFreq_Value=64000000
RCC.LSE_VALUE=32768
PA7.GPIO_PuPd=GPIO_NOPULL
RCC.PLLSAI1PoutputFreq_Value=18285714.285714287
PB1.Locked=true
VP_TIM2_VS_no_output1.Signal=TIM2_VS_no_output1
PB10.Signal=USART3_TX
PD2.Mode=Asynchronous
RCC.PLLSAI2RoutputFreq_Value=64000000
PA5.Signal=GPIO_Output
PC12.Mode=Asynchronous
board=custom
RCC.VCOOutputFreq_Value=144000000
ProjectManager.LastFirmware=true
PA7.GPIO_Speed=GPIO_SPEED_FREQ_VERY_HIGH
RCC.APB2Freq_Value=72000000
RCC.UART4Freq_Value=16000000
MxCube.Version=6.2.0
PA5.GPIO_ModeDefaultOutputPP=GPIO_MODE_OUTPUT_PP
RCC.I2C1Freq_Value=16000000
RCC.RNGFreq_Value=64000000
RCC.PLLSAI1QoutputFreq_Value=64000000
RCC.ADCFreq_Value=64000000
PA10.GPIOParameters=GPIO_Speed,PinState,GPIO_PuPd,GPIO_Label,GPIO_ModeDefaultOutputPP
VP_SYS_VS_Systick.Mode=SysTick
PA9.Locked=true
NVIC.NonMaskableInt_IRQn=true\:0\:0\:false\:false\:true\:false\:false
PA4.GPIOParameters=GPIO_Speed,PinState,GPIO_PuPd,GPIO_Label,GPIO_ModeDefaultOutputPP
PC10.GPIOParameters=GPIO_Label
TIM2.Period=9999
RCC.UART5Freq_Value=16000000
ProjectManager.FreePins=false
RCC.IPParameters=ADCFreq_Value,AHBFreq_Value,APB1CLKDivider,APB1Freq_Value,APB1TimFreq_Value,APB2Freq_Value,APB2TimFreq_Value,CortexFreq_Value,DFSDMFreq_Value,FCLKCortexFreq_Value,FamilyName,HCLKFreq_Value,HSE_VALUE,HSI_VALUE,I2C1CLockSelection,I2C1Freq_Value,I2C2Freq_Value,I2C3Freq_Value,LPTIM1Freq_Value,LPTIM2Freq_Value,LPUART1Freq_Value,LSCOPinFreq_Value,LSE_VALUE,LSI_VALUE,MCO1PinFreq_Value,MSI_VALUE,PLLN,PLLPoutputFreq_Value,PLLQoutputFreq_Value,PLLRCLKFreq_Value,PLLSAI1PoutputFreq_Value,PLLSAI1QoutputFreq_Value,PLLSAI1RoutputFreq_Value,PLLSAI2PoutputFreq_Value,PLLSAI2RoutputFreq_Value,PLLSourceVirtual,PWRFreq_Value,RNGFreq_Value,SAI1Freq_Value,SAI2Freq_Value,SDMMCFreq_Value,SWPMI1Freq_Value,SYSCLKFreq_VALUE,SYSCLKSource,UART4CLockSelection,UART4Freq_Value,UART5CLockSelection,UART5Freq_Value,USART1CLockSelection,USART1Freq_Value,USART2Freq_Value,USART3CLockSelection,USART3Freq_Value,USBFreq_Value,VCOInputFreq_Value,VCOOutputFreq_Value,VCOSAI1OutputFreq_Value,VCOSAI2OutputFreq_Value
IWDG.IPParameters=Prescaler,Window,Reload
ProjectManager.AskForMigrate=true
Mcu.Name=STM32L476R(C-E-G)Tx
PB2.PinState=GPIO_PIN_RESET
RCC.LPTIM2Freq_Value=36000000
Mcu.Pin26=VP_TIM2_VS_no_output1
PA2.Signal=GPIO_Output
Mcu.Pin24=VP_IWDG_VS_IWDG
ProjectManager.UnderRoot=true
Mcu.Pin25=VP_SYS_VS_Systick
PB2.Locked=true
Mcu.IP8=USART1
Mcu.IP9=USART3
Mcu.IP6=UART4
Mcu.IP7=UART5
ProjectManager.CoupleFile=true
PA9.GPIO_ModeDefaultOutputPP=GPIO_MODE_OUTPUT_PP
PA13\ (JTMS-SWDIO).Mode=Serial_Wire
PA4.Signal=GPIO_Output
RCC.SYSCLKFreq_VALUE=72000000
Mcu.Pin22=PB8
Mcu.Pin23=PB9
PA7.GPIO_Label=LED5
Mcu.Pin20=PB6
Mcu.Pin21=PB7
RCC.USART1CLockSelection=RCC_USART1CLKSOURCE_HSI
PA5.GPIO_Label=LED3
PA10.Locked=true
NVIC.ForceEnableDMAVector=true
RCC.PLLSAI2PoutputFreq_Value=18285714.285714287
KeepUserPlacement=false
NVIC.MemoryManagement_IRQn=true\:0\:0\:false\:false\:true\:false\:false
PC12.GPIO_Label=DEBUG_TX
ProjectManager.CompilerOptimize=6
PB7.Mode=Asynchronous
PA11.Signal=GPIO_Output
VP_IWDG_VS_IWDG.Signal=IWDG_VS_IWDG
PB2.GPIO_Label=SIM7600_RST
ProjectManager.HeapSize=0x200
Mcu.Pin15=PA14 (JTCK-SWCLK)
NVIC.HardFault_IRQn=true\:0\:0\:false\:false\:true\:false\:false
Mcu.Pin16=PC10
Mcu.Pin13=PA11
Mcu.Pin14=PA13 (JTMS-SWDIO)
Mcu.Pin19=PD2
ProjectManager.ComputerToolchain=false
Mcu.Pin17=PC11
RCC.HSI_VALUE=16000000
PA8.GPIO_PuPd=GPIO_NOPULL
Mcu.Pin18=PC12
PA5.GPIO_Speed=GPIO_SPEED_FREQ_VERY_HIGH
NVIC.PriorityGroup=NVIC_PRIORITYGROUP_4
Mcu.Pin11=PA9
Mcu.Pin12=PA10
PB8.Mode=I2C
RCC.PLLN=9
Mcu.Pin10=PA8
IWDG.Prescaler=IWDG_PRESCALER_256
PB7.Locked=true
PA9.GPIO_Speed=GPIO_SPEED_FREQ_VERY_HIGH
PB8.Signal=I2C1_SCL
TIM2.AutoReloadPreload=TIM_AUTORELOAD_PRELOAD_ENABLE
RCC.PWRFreq_Value=72000000
PB1.GPIO_ModeDefaultOutputPP=GPIO_MODE_OUTPUT_PP
PD2.Signal=UART5_RX
RCC.I2C2Freq_Value=36000000
PA11.PinState=GPIO_PIN_RESET
RCC.APB1Freq_Value=36000000
PB0.Signal=GPIO_Output
IWDG.Window=4000
PA7.GPIOParameters=GPIO_Speed,PinState,GPIO_PuPd,GPIO_Label,GPIO_ModeDefaultOutputPP
PB11.Locked=true
RCC.USART3CLockSelection=RCC_USART3CLKSOURCE_HSI
ProjectManager.DeviceId=STM32L476RGTx
PD2.GPIO_Label=DEBUG_RX
ProjectManager.LibraryCopy=1
PB0.GPIO_PuPd=GPIO_NOPULL
PB1.GPIOParameters=GPIO_Speed,PinState,GPIO_PuPd,GPIO_Label,GPIO_ModeDefaultOutputPP
PA7.Signal=GPIO_Output
PA6.Locked=true
